
Microsoft Visual Studio Solution File, Format Version 12.00
# Visual Studio Version 17
VisualStudioVersion = 17.4.33122.133
MinimumVisualStudioVersion = 10.0.40219.1
Project("{FAE04EC0-301F-11D3-BF4B-00C04F79EFBC}") = "Project_work", "Project_work\Project_work.csproj", "{99FD45A8-A6E4-4C72-91F3-FBA2FC622A8F}"
EndProject
Global
	GlobalSection(SolutionConfigurationPlatforms) = preSolution
		Debug|Any CPU = Debug|Any CPU
		Release|Any CPU = Release|Any CPU
	EndGlobalSection
	GlobalSection(ProjectConfigurationPlatforms) = postSolution
		{99FD45A8-A6E4-4C72-91F3-FBA2FC622A8F}.Debug|Any CPU.ActiveCfg = Debug|Any CPU
		{99FD45A8-A6E4-4C72-91F3-FBA2FC622A8F}.Debug|Any CPU.Build.0 = Debug|Any CPU
		{99FD45A8-A6E4-4C72-91F3-FBA2FC622A8F}.Release|Any CPU.ActiveCfg = Release|Any CPU
		{99FD45A8-A6E4-4C72-91F3-FBA2FC622A8F}.Release|Any CPU.Build.0 = Release|Any CPU
	EndGlobalSection
	GlobalSection(SolutionProperties) = preSolution
		HideSolutionNode = FALSE
	EndGlobalSection
	GlobalSection(ExtensibilityGlobals) = postSolution
		SolutionGuid = {D1E77C58-44C9-426D-86B5-DE43D733557D}
	EndGlobalSection
EndGlobal
